
Microsoft Visual Studio Solution File, Format Version 12.00
# Visual Studio 2015
Project("{FAE04EC0-301F-11D3-BF4B-00C04F79EFBC}") = "ChickenVille.Plugins", "ChickenVille.Plugins.csproj", "{2E7AA719-EE05-460A-9E58-E89CBBE69E07}"
EndProject
Project("{FAE04EC0-301F-11D3-BF4B-00C04F79EFBC}") = "ChickenVille", "ChickenVille.csproj", "{8C73D61C-318F-408A-9837-0459F25FA5AD}"
EndProject
Project("{FAE04EC0-301F-11D3-BF4B-00C04F79EFBC}") = "ChickenVille.Editor.Plugins", "ChickenVille.Editor.Plugins.csproj", "{2BC0B0AE-5F9E-F31F-4981-9656675C1E24}"
EndProject
Project("{FAE04EC0-301F-11D3-BF4B-00C04F79EFBC}") = "ChickenVille.Editor", "ChickenVille.Editor.csproj", "{1DF0D756-16DF-3203-EE3C-2E00A563DDD7}"
EndProject
Global
	GlobalSection(SolutionConfigurationPlatforms) = preSolution
		Debug|Any CPU = Debug|Any CPU
		Release|Any CPU = Release|Any CPU
	EndGlobalSection
	GlobalSection(ProjectConfigurationPlatforms) = postSolution
		{2E7AA719-EE05-460A-9E58-E89CBBE69E07}.Debug|Any CPU.ActiveCfg = Debug|Any CPU
		{2E7AA719-EE05-460A-9E58-E89CBBE69E07}.Debug|Any CPU.Build.0 = Debug|Any CPU
		{2E7AA719-EE05-460A-9E58-E89CBBE69E07}.Release|Any CPU.ActiveCfg = Release|Any CPU
		{2E7AA719-EE05-460A-9E58-E89CBBE69E07}.Release|Any CPU.Build.0 = Release|Any CPU
		{8C73D61C-318F-408A-9837-0459F25FA5AD}.Debug|Any CPU.ActiveCfg = Debug|Any CPU
		{8C73D61C-318F-408A-9837-0459F25FA5AD}.Debug|Any CPU.Build.0 = Debug|Any CPU
		{8C73D61C-318F-408A-9837-0459F25FA5AD}.Release|Any CPU.ActiveCfg = Release|Any CPU
		{8C73D61C-318F-408A-9837-0459F25FA5AD}.Release|Any CPU.Build.0 = Release|Any CPU
		{2BC0B0AE-5F9E-F31F-4981-9656675C1E24}.Debug|Any CPU.ActiveCfg = Debug|Any CPU
		{2BC0B0AE-5F9E-F31F-4981-9656675C1E24}.Debug|Any CPU.Build.0 = Debug|Any CPU
		{2BC0B0AE-5F9E-F31F-4981-9656675C1E24}.Release|Any CPU.ActiveCfg = Release|Any CPU
		{2BC0B0AE-5F9E-F31F-4981-9656675C1E24}.Release|Any CPU.Build.0 = Release|Any CPU
		{1DF0D756-16DF-3203-EE3C-2E00A563DDD7}.Debug|Any CPU.ActiveCfg = Debug|Any CPU
		{1DF0D756-16DF-3203-EE3C-2E00A563DDD7}.Debug|Any CPU.Build.0 = Debug|Any CPU
		{1DF0D756-16DF-3203-EE3C-2E00A563DDD7}.Release|Any CPU.ActiveCfg = Release|Any CPU
		{1DF0D756-16DF-3203-EE3C-2E00A563DDD7}.Release|Any CPU.Build.0 = Release|Any CPU
	EndGlobalSection
	GlobalSection(SolutionProperties) = preSolution
		HideSolutionNode = FALSE
	EndGlobalSection
EndGlobal
